
Microsoft Visual Studio Solution File, Format Version 12.00
# Visual Studio 15
VisualStudioVersion = 15.0.27130.2024
MinimumVisualStudioVersion = 10.0.40219.1
Project("{FAE04EC0-301F-11D3-BF4B-00C04F79EFBC}") = "Timestamp (Class)", "Timestamp (Class)\Timestamp (Class).csproj", "{A35A4FE3-DF58-4AA0-82B7-47DC7FE47AB3}"
EndProject
Global
	GlobalSection(SolutionConfigurationPlatforms) = preSolution
		Debug|Any CPU = Debug|Any CPU
		Release|Any CPU = Release|Any CPU
	EndGlobalSection
	GlobalSection(ProjectConfigurationPlatforms) = postSolution
		{A35A4FE3-DF58-4AA0-82B7-47DC7FE47AB3}.Debug|Any CPU.ActiveCfg = Debug|Any CPU
		{A35A4FE3-DF58-4AA0-82B7-47DC7FE47AB3}.Debug|Any CPU.Build.0 = Debug|Any CPU
		{A35A4FE3-DF58-4AA0-82B7-47DC7FE47AB3}.Release|Any CPU.ActiveCfg = Release|Any CPU
		{A35A4FE3-DF58-4AA0-82B7-47DC7FE47AB3}.Release|Any CPU.Build.0 = Release|Any CPU
	EndGlobalSection
	GlobalSection(SolutionProperties) = preSolution
		HideSolutionNode = FALSE
	EndGlobalSection
	GlobalSection(ExtensibilityGlobals) = postSolution
		SolutionGuid = {56EB7DC5-3E84-4FBC-828B-5D9CD20BC193}
	EndGlobalSection
EndGlobal
