
Microsoft Visual Studio Solution File, Format Version 12.00
# Visual Studio 15
VisualStudioVersion = 15.0.28010.2003
MinimumVisualStudioVersion = 10.0.40219.1
Project("{FAE04EC0-301F-11D3-BF4B-00C04F79EFBC}") = "sMEAT - Baseline", "sMEAT - Baseline.csproj", "{0D37BF87-E995-4106-90AA-FA8FDE0FC4DB}"
EndProject
Global
	GlobalSection(SolutionConfigurationPlatforms) = preSolution
		Debug|Any CPU = Debug|Any CPU
		Release|Any CPU = Release|Any CPU
	EndGlobalSection
	GlobalSection(ProjectConfigurationPlatforms) = postSolution
		{0D37BF87-E995-4106-90AA-FA8FDE0FC4DB}.Debug|Any CPU.ActiveCfg = Debug|Any CPU
		{0D37BF87-E995-4106-90AA-FA8FDE0FC4DB}.Debug|Any CPU.Build.0 = Debug|Any CPU
		{0D37BF87-E995-4106-90AA-FA8FDE0FC4DB}.Release|Any CPU.ActiveCfg = Release|Any CPU
		{0D37BF87-E995-4106-90AA-FA8FDE0FC4DB}.Release|Any CPU.Build.0 = Release|Any CPU
	EndGlobalSection
	GlobalSection(SolutionProperties) = preSolution
		HideSolutionNode = FALSE
	EndGlobalSection
	GlobalSection(ExtensibilityGlobals) = postSolution
		SolutionGuid = {267823AA-8157-464E-9CD7-4849A14AE9D9}
	EndGlobalSection
EndGlobal
