
Microsoft Visual Studio Solution File, Format Version 12.00
# Visual Studio Version 16
VisualStudioVersion = 16.0.29201.188
MinimumVisualStudioVersion = 10.0.40219.1
Project("{FAE04EC0-301F-11D3-BF4B-00C04F79EFBC}") = "Asg1_Milestone1", "Asg1_Milestone1\Asg1_Milestone1.csproj", "{E68435C6-0DAC-4130-92C0-A03120497D12}"
EndProject
Global
	GlobalSection(SolutionConfigurationPlatforms) = preSolution
		Debug|Any CPU = Debug|Any CPU
		Release|Any CPU = Release|Any CPU
	EndGlobalSection
	GlobalSection(ProjectConfigurationPlatforms) = postSolution
		{E68435C6-0DAC-4130-92C0-A03120497D12}.Debug|Any CPU.ActiveCfg = Debug|Any CPU
		{E68435C6-0DAC-4130-92C0-A03120497D12}.Debug|Any CPU.Build.0 = Debug|Any CPU
		{E68435C6-0DAC-4130-92C0-A03120497D12}.Release|Any CPU.ActiveCfg = Release|Any CPU
		{E68435C6-0DAC-4130-92C0-A03120497D12}.Release|Any CPU.Build.0 = Release|Any CPU
	EndGlobalSection
	GlobalSection(SolutionProperties) = preSolution
		HideSolutionNode = FALSE
	EndGlobalSection
	GlobalSection(ExtensibilityGlobals) = postSolution
		SolutionGuid = {B58A4F10-0550-469C-B526-5F7EDDEEA368}
	EndGlobalSection
EndGlobal
